
Microsoft Visual Studio Solution File, Format Version 12.00
# Visual Studio Version 17
VisualStudioVersion = 17.12.35521.163 d17.12
MinimumVisualStudioVersion = 10.0.40219.1
Project("{FAE04EC0-301F-11D3-BF4B-00C04F79EFBC}") = "Collections", "Collections\Collections.csproj", "{48C643EF-82B5-4647-9798-39A15C96C313}"
EndProject
Project("{FAE04EC0-301F-11D3-BF4B-00C04F79EFBC}") = "ObservableCollectSample", "ObservableCollectSample\ObservableCollectSample.csproj", "{C9319119-EF2A-4B14-A039-C9832B44FFA7}"
EndProject
Global
	GlobalSection(SolutionConfigurationPlatforms) = preSolution
		Debug|Any CPU = Debug|Any CPU
		Release|Any CPU = Release|Any CPU
	EndGlobalSection
	GlobalSection(ProjectConfigurationPlatforms) = postSolution
		{48C643EF-82B5-4647-9798-39A15C96C313}.Debug|Any CPU.ActiveCfg = Debug|Any CPU
		{48C643EF-82B5-4647-9798-39A15C96C313}.Debug|Any CPU.Build.0 = Debug|Any CPU
		{48C643EF-82B5-4647-9798-39A15C96C313}.Release|Any CPU.ActiveCfg = Release|Any CPU
		{48C643EF-82B5-4647-9798-39A15C96C313}.Release|Any CPU.Build.0 = Release|Any CPU
		{C9319119-EF2A-4B14-A039-C9832B44FFA7}.Debug|Any CPU.ActiveCfg = Debug|Any CPU
		{C9319119-EF2A-4B14-A039-C9832B44FFA7}.Debug|Any CPU.Build.0 = Debug|Any CPU
		{C9319119-EF2A-4B14-A039-C9832B44FFA7}.Release|Any CPU.ActiveCfg = Release|Any CPU
		{C9319119-EF2A-4B14-A039-C9832B44FFA7}.Release|Any CPU.Build.0 = Release|Any CPU
	EndGlobalSection
	GlobalSection(SolutionProperties) = preSolution
		HideSolutionNode = FALSE
	EndGlobalSection
EndGlobal
